{
  "name": "@kopplin-co/claude-web-design-skill",
  "version": "0.1.0",
  "lockfileVersion": 3,
  "requires": true,
  "packages": {
    "": {
      "name": "@kopplin-co/claude-web-design-skill",
      "version": "0.1.0",
      "hasInstallScript": true,
      "license": "MIT",
      "bin": {
        "web-design": "bin/cli.js"
      },
      "engines": {
        "node": ">=16"
      }
    }
  }
}
